// !$*UTF8*$!
{
	archiveVersion = 1;
	classes = {
	};
	objectVersion = 46;
	objects = {

/* Begin PBXBuildFile section */
		69A094961D82548B0031CCF9 /* main.m in Sources */ = {isa = PBXBuildFile; fileRef = 69A094951D82548B0031CCF9 /* main.m */; };
		69A094991D82548B0031CCF9 /* AppDelegate.m in Sources */ = {isa = PBXBuildFile; fileRef = 69A094981D82548B0031CCF9 /* AppDelegate.m */; };
		69A0949C1D82548B0031CCF9 /* ViewController.m in Sources */ = {isa = PBXBuildFile; fileRef = 69A0949B1D82548B0031CCF9 /* ViewController.m */; };
		69A0949F1D82548B0031CCF9 /* Main.storyboard in Resources */ = {isa = PBXBuildFile; fileRef = 69A0949D1D82548B0031CCF9 /* Main.storyboard */; };
		69A094A11D82548B0031CCF9 /* Assets.xcassets in Resources */ = {isa = PBXBuildFile; fileRef = 69A094A01D82548B0031CCF9 /* Assets.xcassets */; };
		69A094A41D82548B0031CCF9 /* LaunchScreen.storyboard in Resources */ = {isa = PBXBuildFile; fileRef = 69A094A21D82548B0031CCF9 /* LaunchScreen.storyboard */; };
		69F7AFCD1D87AF2500B2421F /* LICENSE in Resources */ = {isa = PBXBuildFile; fileRef = 69F7AF981D87AF2500B2421F /* LICENSE */; };
		69F7AFCE1D87AF2500B2421F /* MJExtensionConst.m in Sources */ = {isa = PBXBuildFile; fileRef = 69F7AF9C1D87AF2500B2421F /* MJExtensionConst.m */; };
		69F7AFCF1D87AF2500B2421F /* MJFoundation.m in Sources */ = {isa = PBXBuildFile; fileRef = 69F7AF9E1D87AF2500B2421F /* MJFoundation.m */; };
		69F7AFD01D87AF2500B2421F /* MJProperty.m in Sources */ = {isa = PBXBuildFile; fileRef = 69F7AFA01D87AF2500B2421F /* MJProperty.m */; };
		69F7AFD11D87AF2500B2421F /* MJPropertyKey.m in Sources */ = {isa = PBXBuildFile; fileRef = 69F7AFA21D87AF2500B2421F /* MJPropertyKey.m */; };
		69F7AFD21D87AF2500B2421F /* MJPropertyType.m in Sources */ = {isa = PBXBuildFile; fileRef = 69F7AFA41D87AF2500B2421F /* MJPropertyType.m */; };
		69F7AFD31D87AF2500B2421F /* NSObject+MJClass.m in Sources */ = {isa = PBXBuildFile; fileRef = 69F7AFA61D87AF2500B2421F /* NSObject+MJClass.m */; };
		69F7AFD41D87AF2500B2421F /* NSObject+MJCoding.m in Sources */ = {isa = PBXBuildFile; fileRef = 69F7AFA81D87AF2500B2421F /* NSObject+MJCoding.m */; };
		69F7AFD51D87AF2500B2421F /* NSObject+MJKeyValue.m in Sources */ = {isa = PBXBuildFile; fileRef = 69F7AFAA1D87AF2500B2421F /* NSObject+MJKeyValue.m */; };
		69F7AFD61D87AF2500B2421F /* NSObject+MJProperty.m in Sources */ = {isa = PBXBuildFile; fileRef = 69F7AFAC1D87AF2500B2421F /* NSObject+MJProperty.m */; };
		69F7AFD71D87AF2500B2421F /* NSString+MJExtension.m in Sources */ = {isa = PBXBuildFile; fileRef = 69F7AFAE1D87AF2500B2421F /* NSString+MJExtension.m */; };
		69F7AFD81D87AF2500B2421F /* README.md in Sources */ = {isa = PBXBuildFile; fileRef = 69F7AFAF1D87AF2500B2421F /* README.md */; };
		69F7AFD91D87AF2500B2421F /* JSONModel.m in Sources */ = {isa = PBXBuildFile; fileRef = 69F7AFB41D87AF2500B2421F /* JSONModel.m */; };
		69F7AFDA1D87AF2500B2421F /* JSONModelArray.m in Sources */ = {isa = PBXBuildFile; fileRef = 69F7AFB61D87AF2500B2421F /* JSONModelArray.m */; };
		69F7AFDB1D87AF2500B2421F /* JSONModelClassProperty.m in Sources */ = {isa = PBXBuildFile; fileRef = 69F7AFB81D87AF2500B2421F /* JSONModelClassProperty.m */; };
		69F7AFDC1D87AF2500B2421F /* JSONModelError.m in Sources */ = {isa = PBXBuildFile; fileRef = 69F7AFBA1D87AF2500B2421F /* JSONModelError.m */; };
		69F7AFDD1D87AF2500B2421F /* NSArray+JSONModel.m in Sources */ = {isa = PBXBuildFile; fileRef = 69F7AFBD1D87AF2500B2421F /* NSArray+JSONModel.m */; };
		69F7AFDE1D87AF2500B2421F /* JSONAPI.m in Sources */ = {isa = PBXBuildFile; fileRef = 69F7AFC11D87AF2500B2421F /* JSONAPI.m */; };
		69F7AFDF1D87AF2500B2421F /* JSONHTTPClient.m in Sources */ = {isa = PBXBuildFile; fileRef = 69F7AFC31D87AF2500B2421F /* JSONHTTPClient.m */; };
		69F7AFE01D87AF2500B2421F /* JSONModel+networking.m in Sources */ = {isa = PBXBuildFile; fileRef = 69F7AFC51D87AF2500B2421F /* JSONModel+networking.m */; };
		69F7AFE11D87AF2500B2421F /* JSONKeyMapper.m in Sources */ = {isa = PBXBuildFile; fileRef = 69F7AFC81D87AF2500B2421F /* JSONKeyMapper.m */; };
		69F7AFE21D87AF2500B2421F /* JSONValueTransformer.m in Sources */ = {isa = PBXBuildFile; fileRef = 69F7AFCA1D87AF2500B2421F /* JSONValueTransformer.m */; };
		69F7AFE31D87AF2500B2421F /* LICENSE_jsonmodel.txt in Resources */ = {isa = PBXBuildFile; fileRef = 69F7AFCB1D87AF2500B2421F /* LICENSE_jsonmodel.txt */; };
		69F7AFE41D87AF2500B2421F /* README.md in Sources */ = {isa = PBXBuildFile; fileRef = 69F7AFCC1D87AF2500B2421F /* README.md */; };
		69F7AFE81D87AF5900B2421F /* Student.m in Sources */ = {isa = PBXBuildFile; fileRef = 69F7AFE71D87AF5900B2421F /* Student.m */; };
		69F7AFEB1D87CB5100B2421F /* JSONStudent.m in Sources */ = {isa = PBXBuildFile; fileRef = 69F7AFEA1D87CB5100B2421F /* JSONStudent.m */; };
/* End PBXBuildFile section */

/* Begin PBXFileReference section */
		69A094911D82548B0031CCF9 /* JJ_Class_13_运行时_MJExtension.app */ = {isa = PBXFileReference; explicitFileType = wrapper.application; includeInIndex = 0; path = "JJ_Class_13_运行时_MJExtension.app"; sourceTree = BUILT_PRODUCTS_DIR; };
		69A094951D82548B0031CCF9 /* main.m */ = {isa = PBXFileReference; lastKnownFileType = sourcecode.c.objc; path = main.m; sourceTree = "<group>"; };
		69A094971D82548B0031CCF9 /* AppDelegate.h */ = {isa = PBXFileReference; lastKnownFileType = sourcecode.c.h; path = AppDelegate.h; sourceTree = "<group>"; };
		69A094981D82548B0031CCF9 /* AppDelegate.m */ = {isa = PBXFileReference; lastKnownFileType = sourcecode.c.objc; path = AppDelegate.m; sourceTree = "<group>"; };
		69A0949A1D82548B0031CCF9 /* ViewController.h */ = {isa = PBXFileReference; lastKnownFileType = sourcecode.c.h; path = ViewController.h; sourceTree = "<group>"; };
		69A0949B1D82548B0031CCF9 /* ViewController.m */ = {isa = PBXFileReference; lastKnownFileType = sourcecode.c.objc; path = ViewController.m; sourceTree = "<group>"; };
		69A0949E1D82548B0031CCF9 /* Base */ = {isa = PBXFileReference; lastKnownFileType = file.storyboard; name = Base; path = Base.lproj/Main.storyboard; sourceTree = "<group>"; };
		69A094A01D82548B0031CCF9 /* Assets.xcassets */ = {isa = PBXFileReference; lastKnownFileType = folder.assetcatalog; path = Assets.xcassets; sourceTree = "<group>"; };
		69A094A31D82548B0031CCF9 /* Base */ = {isa = PBXFileReference; lastKnownFileType = file.storyboard; name = Base; path = Base.lproj/LaunchScreen.storyboard; sourceTree = "<group>"; };
		69A094A51D82548B0031CCF9 /* Info.plist */ = {isa = PBXFileReference; lastKnownFileType = text.plist.xml; path = Info.plist; sourceTree = "<group>"; };
		69F7AF981D87AF2500B2421F /* LICENSE */ = {isa = PBXFileReference; fileEncoding = 4; lastKnownFileType = text; path = LICENSE; sourceTree = "<group>"; };
		69F7AF9A1D87AF2500B2421F /* MJExtension.h */ = {isa = PBXFileReference; fileEncoding = 4; lastKnownFileType = sourcecode.c.h; path = MJExtension.h; sourceTree = "<group>"; };
		69F7AF9B1D87AF2500B2421F /* MJExtensionConst.h */ = {isa = PBXFileReference; fileEncoding = 4; lastKnownFileType = sourcecode.c.h; path = MJExtensionConst.h; sourceTree = "<group>"; };
		69F7AF9C1D87AF2500B2421F /* MJExtensionConst.m */ = {isa = PBXFileReference; fileEncoding = 4; lastKnownFileType = sourcecode.c.objc; path = MJExtensionConst.m; sourceTree = "<group>"; };
		69F7AF9D1D87AF2500B2421F /* MJFoundation.h */ = {isa = PBXFileReference; fileEncoding = 4; lastKnownFileType = sourcecode.c.h; path = MJFoundation.h; sourceTree = "<group>"; };
		69F7AF9E1D87AF2500B2421F /* MJFoundation.m */ = {isa = PBXFileReference; fileEncoding = 4; lastKnownFileType = sourcecode.c.objc; path = MJFoundation.m; sourceTree = "<group>"; };
		69F7AF9F1D87AF2500B2421F /* MJProperty.h */ = {isa = PBXFileReference; fileEncoding = 4; lastKnownFileType = sourcecode.c.h; path = MJProperty.h; sourceTree = "<group>"; };
		69F7AFA01D87AF2500B2421F /* MJProperty.m */ = {isa = PBXFileReference; fileEncoding = 4; lastKnownFileType = sourcecode.c.objc; path = MJProperty.m; sourceTree = "<group>"; };
		69F7AFA11D87AF2500B2421F /* MJPropertyKey.h */ = {isa = PBXFileReference; fileEncoding = 4; lastKnownFileType = sourcecode.c.h; path = MJPropertyKey.h; sourceTree = "<group>"; };
		69F7AFA21D87AF2500B2421F /* MJPropertyKey.m */ = {isa = PBXFileReference; fileEncoding = 4; lastKnownFileType = sourcecode.c.objc; path = MJPropertyKey.m; sourceTree = "<group>"; };
		69F7AFA31D87AF2500B2421F /* MJPropertyType.h */ = {isa = PBXFileReference; fileEncoding = 4; lastKnownFileType = sourcecode.c.h; path = MJPropertyType.h; sourceTree = "<group>"; };
		69F7AFA41D87AF2500B2421F /* MJPropertyType.m */ = {isa = PBXFileReference; fileEncoding = 4; lastKnownFileType = sourcecode.c.objc; path = MJPropertyType.m; sourceTree = "<group>"; };
		69F7AFA51D87AF2500B2421F /* NSObject+MJClass.h */ = {isa = PBXFileReference; fileEncoding = 4; lastKnownFileType = sourcecode.c.h; path = "NSObject+MJClass.h"; sourceTree = "<group>"; };
		69F7AFA61D87AF2500B2421F /* NSObject+MJClass.m */ = {isa = PBXFileReference; fileEncoding = 4; lastKnownFileType = sourcecode.c.objc; path = "NSObject+MJClass.m"; sourceTree = "<group>"; };
		69F7AFA71D87AF2500B2421F /* NSObject+MJCoding.h */ = {isa = PBXFileReference; fileEncoding = 4; lastKnownFileType = sourcecode.c.h; path = "NSObject+MJCoding.h"; sourceTree = "<group>"; };
		69F7AFA81D87AF2500B2421F /* NSObject+MJCoding.m */ = {isa = PBXFileReference; fileEncoding = 4; lastKnownFileType = sourcecode.c.objc; path = "NSObject+MJCoding.m"; sourceTree = "<group>"; };
		69F7AFA91D87AF2500B2421F /* NSObject+MJKeyValue.h */ = {isa = PBXFileReference; fileEncoding = 4; lastKnownFileType = sourcecode.c.h; path = "NSObject+MJKeyValue.h"; sourceTree = "<group>"; };
		69F7AFAA1D87AF2500B2421F /* NSObject+MJKeyValue.m */ = {isa = PBXFileReference; fileEncoding = 4; lastKnownFileType = sourcecode.c.objc; path = "NSObject+MJKeyValue.m"; sourceTree = "<group>"; };
		69F7AFAB1D87AF2500B2421F /* NSObject+MJProperty.h */ = {isa = PBXFileReference; fileEncoding = 4; lastKnownFileType = sourcecode.c.h; path = "NSObject+MJProperty.h"; sourceTree = "<group>"; };
		69F7AFAC1D87AF2500B2421F /* NSObject+MJProperty.m */ = {isa = PBXFileReference; fileEncoding = 4; lastKnownFileType = sourcecode.c.objc; path = "NSObject+MJProperty.m"; sourceTree = "<group>"; };
		69F7AFAD1D87AF2500B2421F /* NSString+MJExtension.h */ = {isa = PBXFileReference; fileEncoding = 4; lastKnownFileType = sourcecode.c.h; path = "NSString+MJExtension.h"; sourceTree = "<group>"; };
		69F7AFAE1D87AF2500B2421F /* NSString+MJExtension.m */ = {isa = PBXFileReference; fileEncoding = 4; lastKnownFileType = sourcecode.c.objc; path = "NSString+MJExtension.m"; sourceTree = "<group>"; };
		69F7AFAF1D87AF2500B2421F /* README.md */ = {isa = PBXFileReference; fileEncoding = 4; lastKnownFileType = net.daringfireball.markdown; path = README.md; sourceTree = "<group>"; };
		69F7AFB31D87AF2500B2421F /* JSONModel.h */ = {isa = PBXFileReference; fileEncoding = 4; lastKnownFileType = sourcecode.c.h; path = JSONModel.h; sourceTree = "<group>"; };
		69F7AFB41D87AF2500B2421F /* JSONModel.m */ = {isa = PBXFileReference; fileEncoding = 4; lastKnownFileType = sourcecode.c.objc; path = JSONModel.m; sourceTree = "<group>"; };
		69F7AFB51D87AF2500B2421F /* JSONModelArray.h */ = {isa = PBXFileReference; fileEncoding = 4; lastKnownFileType = sourcecode.c.h; path = JSONModelArray.h; sourceTree = "<group>"; };
		69F7AFB61D87AF2500B2421F /* JSONModelArray.m */ = {isa = PBXFileReference; fileEncoding = 4; lastKnownFileType = sourcecode.c.objc; path = JSONModelArray.m; sourceTree = "<group>"; };
		69F7AFB71D87AF2500B2421F /* JSONModelClassProperty.h */ = {isa = PBXFileReference; fileEncoding = 4; lastKnownFileType = sourcecode.c.h; path = JSONModelClassProperty.h; sourceTree = "<group>"; };
		69F7AFB81D87AF2500B2421F /* JSONModelClassProperty.m */ = {isa = PBXFileReference; fileEncoding = 4; lastKnownFileType = sourcecode.c.objc; path = JSONModelClassProperty.m; sourceTree = "<group>"; };
		69F7AFB91D87AF2500B2421F /* JSONModelError.h */ = {isa = PBXFileReference; fileEncoding = 4; lastKnownFileType = sourcecode.c.h; path = JSONModelError.h; sourceTree = "<group>"; };
		69F7AFBA1D87AF2500B2421F /* JSONModelError.m */ = {isa = PBXFileReference; fileEncoding = 4; lastKnownFileType = sourcecode.c.objc; path = JSONModelError.m; sourceTree = "<group>"; };
		69F7AFBC1D87AF2500B2421F /* NSArray+JSONModel.h */ = {isa = PBXFileReference; fileEncoding = 4; lastKnownFileType = sourcecode.c.h; path = "NSArray+JSONModel.h"; sourceTree = "<group>"; };
		69F7AFBD1D87AF2500B2421F /* NSArray+JSONModel.m */ = {isa = PBXFileReference; fileEncoding = 4; lastKnownFileType = sourcecode.c.objc; path = "NSArray+JSONModel.m"; sourceTree = "<group>"; };
		69F7AFBE1D87AF2500B2421F /* JSONModelLib.h */ = {isa = PBXFileReference; fileEncoding = 4; lastKnownFileType = sourcecode.c.h; path = JSONModelLib.h; sourceTree = "<group>"; };
		69F7AFC01D87AF2500B2421F /* JSONAPI.h */ = {isa = PBXFileReference; fileEncoding = 4; lastKnownFileType = sourcecode.c.h; path = JSONAPI.h; sourceTree = "<group>"; };
		69F7AFC11D87AF2500B2421F /* JSONAPI.m */ = {isa = PBXFileReference; fileEncoding = 4; lastKnownFileType = sourcecode.c.objc; path = JSONAPI.m; sourceTree = "<group>"; };
		69F7AFC21D87AF2500B2421F /* JSONHTTPClient.h */ = {isa = PBXFileReference; fileEncoding = 4; lastKnownFileType = sourcecode.c.h; path = JSONHTTPClient.h; sourceTree = "<group>"; };
		69F7AFC31D87AF2500B2421F /* JSONHTTPClient.m */ = {isa = PBXFileReference; fileEncoding = 4; lastKnownFileType = sourcecode.c.objc; path = JSONHTTPClient.m; sourceTree = "<group>"; };
		69F7AFC41D87AF2500B2421F /* JSONModel+networking.h */ = {isa = PBXFileReference; fileEncoding = 4; lastKnownFileType = sourcecode.c.h; path = "JSONModel+networking.h"; sourceTree = "<group>"; };
		69F7AFC51D87AF2500B2421F /* JSONModel+networking.m */ = {isa = PBXFileReference; fileEncoding = 4; lastKnownFileType = sourcecode.c.objc; path = "JSONModel+networking.m"; sourceTree = "<group>"; };
		69F7AFC71D87AF2500B2421F /* JSONKeyMapper.h */ = {isa = PBXFileReference; fileEncoding = 4; lastKnownFileType = sourcecode.c.h; path = JSONKeyMapper.h; sourceTree = "<group>"; };
		69F7AFC81D87AF2500B2421F /* JSONKeyMapper.m */ = {isa = PBXFileReference; fileEncoding = 4; lastKnownFileType = sourcecode.c.objc; path = JSONKeyMapper.m; sourceTree = "<group>"; };
		69F7AFC91D87AF2500B2421F /* JSONValueTransformer.h */ = {isa = PBXFileReference; fileEncoding = 4; lastKnownFileType = sourcecode.c.h; path = JSONValueTransformer.h; sourceTree = "<group>"; };
		69F7AFCA1D87AF2500B2421F /* JSONValueTransformer.m */ = {isa = PBXFileReference; fileEncoding = 4; lastKnownFileType = sourcecode.c.objc; path = JSONValueTransformer.m; sourceTree = "<group>"; };
		69F7AFCB1D87AF2500B2421F /* LICENSE_jsonmodel.txt */ = {isa = PBXFileReference; fileEncoding = 4; lastKnownFileType = text; path = LICENSE_jsonmodel.txt; sourceTree = "<group>"; };
		69F7AFCC1D87AF2500B2421F /* README.md */ = {isa = PBXFileReference; fileEncoding = 4; lastKnownFileType = net.daringfireball.markdown; path = README.md; sourceTree = "<group>"; };
		69F7AFE61D87AF5900B2421F /* Student.h */ = {isa = PBXFileReference; fileEncoding = 4; lastKnownFileType = sourcecode.c.h; path = Student.h; sourceTree = "<group>"; };
		69F7AFE71D87AF5900B2421F /* Student.m */ = {isa = PBXFileReference; fileEncoding = 4; lastKnownFileType = sourcecode.c.objc; path = Student.m; sourceTree = "<group>"; };
		69F7AFE91D87CB5100B2421F /* JSONStudent.h */ = {isa = PBXFileReference; fileEncoding = 4; lastKnownFileType = sourcecode.c.h; path = JSONStudent.h; sourceTree = "<group>"; };
		69F7AFEA1D87CB5100B2421F /* JSONStudent.m */ = {isa = PBXFileReference; fileEncoding = 4; lastKnownFileType = sourcecode.c.objc; path = JSONStudent.m; sourceTree = "<group>"; };
/* End PBXFileReference section */

/* Begin PBXFrameworksBuildPhase section */
		69A0948E1D82548B0031CCF9 /* Frameworks */ = {
			isa = PBXFrameworksBuildPhase;
			buildActionMask = 2147483647;
			files = (
			);
			runOnlyForDeploymentPostprocessing = 0;
		};
/* End PBXFrameworksBuildPhase section */

/* Begin PBXGroup section */
		69A094881D82548B0031CCF9 = {
			isa = PBXGroup;
			children = (
				69A094931D82548B0031CCF9 /* JJ_Class_13_运行时_MJExtension */,
				69A094921D82548B0031CCF9 /* Products */,
			);
			sourceTree = "<group>";
		};
		69A094921D82548B0031CCF9 /* Products */ = {
			isa = PBXGroup;
			children = (
				69A094911D82548B0031CCF9 /* JJ_Class_13_运行时_MJExtension.app */,
			);
			name = Products;
			sourceTree = "<group>";
		};
		69A094931D82548B0031CCF9 /* JJ_Class_13_运行时_MJExtension */ = {
			isa = PBXGroup;
			children = (
				69F7AFE51D87AF3B00B2421F /* Models */,
				69F7AF971D87AF2500B2421F /* MJExtension */,
				69F7AFB01D87AF2500B2421F /* JSONModel */,
				69A094971D82548B0031CCF9 /* AppDelegate.h */,
				69A094981D82548B0031CCF9 /* AppDelegate.m */,
				69A0949A1D82548B0031CCF9 /* ViewController.h */,
				69A0949B1D82548B0031CCF9 /* ViewController.m */,
				69A0949D1D82548B0031CCF9 /* Main.storyboard */,
				69A094A01D82548B0031CCF9 /* Assets.xcassets */,
				69A094A21D82548B0031CCF9 /* LaunchScreen.storyboard */,
				69A094A51D82548B0031CCF9 /* Info.plist */,
				69A094941D82548B0031CCF9 /* Supporting Files */,
			);
			path = "JJ_Class_13_运行时_MJExtension";
			sourceTree = "<group>";
		};
		69A094941D82548B0031CCF9 /* Supporting Files */ = {
			isa = PBXGroup;
			children = (
				69A094951D82548B0031CCF9 /* main.m */,
			);
			name = "Supporting Files";
			sourceTree = "<group>";
		};
		69F7AF971D87AF2500B2421F /* MJExtension */ = {
			isa = PBXGroup;
			children = (
				69F7AF981D87AF2500B2421F /* LICENSE */,
				69F7AF991D87AF2500B2421F /* MJExtension */,
				69F7AFAF1D87AF2500B2421F /* README.md */,
			);
			path = MJExtension;
			sourceTree = "<group>";
		};
		69F7AF991D87AF2500B2421F /* MJExtension */ = {
			isa = PBXGroup;
			children = (
				69F7AF9A1D87AF2500B2421F /* MJExtension.h */,
				69F7AF9B1D87AF2500B2421F /* MJExtensionConst.h */,
				69F7AF9C1D87AF2500B2421F /* MJExtensionConst.m */,
				69F7AF9D1D87AF2500B2421F /* MJFoundation.h */,
				69F7AF9E1D87AF2500B2421F /* MJFoundation.m */,
				69F7AF9F1D87AF2500B2421F /* MJProperty.h */,
				69F7AFA01D87AF2500B2421F /* MJProperty.m */,
				69F7AFA11D87AF2500B2421F /* MJPropertyKey.h */,
				69F7AFA21D87AF2500B2421F /* MJPropertyKey.m */,
				69F7AFA31D87AF2500B2421F /* MJPropertyType.h */,
				69F7AFA41D87AF2500B2421F /* MJPropertyType.m */,
				69F7AFA51D87AF2500B2421F /* NSObject+MJClass.h */,
				69F7AFA61D87AF2500B2421F /* NSObject+MJClass.m */,
				69F7AFA71D87AF2500B2421F /* NSObject+MJCoding.h */,
				69F7AFA81D87AF2500B2421F /* NSObject+MJCoding.m */,
				69F7AFA91D87AF2500B2421F /* NSObject+MJKeyValue.h */,
				69F7AFAA1D87AF2500B2421F /* NSObject+MJKeyValue.m */,
				69F7AFAB1D87AF2500B2421F /* NSObject+MJProperty.h */,
				69F7AFAC1D87AF2500B2421F /* NSObject+MJProperty.m */,
				69F7AFAD1D87AF2500B2421F /* NSString+MJExtension.h */,
				69F7AFAE1D87AF2500B2421F /* NSString+MJExtension.m */,
			);
			path = MJExtension;
			sourceTree = "<group>";
		};
		69F7AFB01D87AF2500B2421F /* JSONModel */ = {
			isa = PBXGroup;
			children = (
				69F7AFB11D87AF2500B2421F /* JSONModel */,
				69F7AFCB1D87AF2500B2421F /* LICENSE_jsonmodel.txt */,
				69F7AFCC1D87AF2500B2421F /* README.md */,
			);
			path = JSONModel;
			sourceTree = "<group>";
		};
		69F7AFB11D87AF2500B2421F /* JSONModel */ = {
			isa = PBXGroup;
			children = (
				69F7AFB21D87AF2500B2421F /* JSONModel */,
				69F7AFBB1D87AF2500B2421F /* JSONModelCategories */,
				69F7AFBE1D87AF2500B2421F /* JSONModelLib.h */,
				69F7AFBF1D87AF2500B2421F /* JSONModelNetworking */,
				69F7AFC61D87AF2500B2421F /* JSONModelTransformations */,
			);
			path = JSONModel;
			sourceTree = "<group>";
		};
		69F7AFB21D87AF2500B2421F /* JSONModel */ = {
			isa = PBXGroup;
			children = (
				69F7AFB31D87AF2500B2421F /* JSONModel.h */,
				69F7AFB41D87AF2500B2421F /* JSONModel.m */,
				69F7AFB51D87AF2500B2421F /* JSONModelArray.h */,
				69F7AFB61D87AF2500B2421F /* JSONModelArray.m */,
				69F7AFB71D87AF2500B2421F /* JSONModelClassProperty.h */,
				69F7AFB81D87AF2500B2421F /* JSONModelClassProperty.m */,
				69F7AFB91D87AF2500B2421F /* JSONModelError.h */,
				69F7AFBA1D87AF2500B2421F /* JSONModelError.m */,
			);
			path = JSONModel;
			sourceTree = "<group>";
		};
		69F7AFBB1D87AF2500B2421F /* JSONModelCategories */ = {
			isa = PBXGroup;
			children = (
				69F7AFBC1D87AF2500B2421F /* NSArray+JSONModel.h */,
				69F7AFBD1D87AF2500B2421F /* NSArray+JSONModel.m */,
			);
			path = JSONModelCategories;
			sourceTree = "<group>";
		};
		69F7AFBF1D87AF2500B2421F /* JSONModelNetworking */ = {
			isa = PBXGroup;
			children = (
				69F7AFC01D87AF2500B2421F /* JSONAPI.h */,
				69F7AFC11D87AF2500B2421F /* JSONAPI.m */,
				69F7AFC21D87AF2500B2421F /* JSONHTTPClient.h */,
				69F7AFC31D87AF2500B2421F /* JSONHTTPClient.m */,
				69F7AFC41D87AF2500B2421F /* JSONModel+networking.h */,
				69F7AFC51D87AF2500B2421F /* JSONModel+networking.m */,
			);
			path = JSONModelNetworking;
			sourceTree = "<group>";
		};
		69F7AFC61D87AF2500B2421F /* JSONModelTransformations */ = {
			isa = PBXGroup;
			children = (
				69F7AFC71D87AF2500B2421F /* JSONKeyMapper.h */,
				69F7AFC81D87AF2500B2421F /* JSONKeyMapper.m */,
				69F7AFC91D87AF2500B2421F /* JSONValueTransformer.h */,
				69F7AFCA1D87AF2500B2421F /* JSONValueTransformer.m */,
			);
			path = JSONModelTransformations;
			sourceTree = "<group>";
		};
		69F7AFE51D87AF3B00B2421F /* Models */ = {
			isa = PBXGroup;
			children = (
				69F7AFE61D87AF5900B2421F /* Student.h */,
				69F7AFE71D87AF5900B2421F /* Student.m */,
				69F7AFE91D87CB5100B2421F /* JSONStudent.h */,
				69F7AFEA1D87CB5100B2421F /* JSONStudent.m */,
			);
			name = Models;
			sourceTree = "<group>";
		};
/* End PBXGroup section */

/* Begin PBXNativeTarget section */
		69A094901D82548B0031CCF9 /* JJ_Class_13_运行时_MJExtension */ = {
			isa = PBXNativeTarget;
			buildConfigurationList = 69A094A81D82548B0031CCF9 /* Build configuration list for PBXNativeTarget "JJ_Class_13_运行时_MJExtension" */;
			buildPhases = (
				69A0948D1D82548B0031CCF9 /* Sources */,
				69A0948E1D82548B0031CCF9 /* Frameworks */,
				69A0948F1D82548B0031CCF9 /* Resources */,
			);
			buildRules = (
			);
			dependencies = (
			);
			name = "JJ_Class_13_运行时_MJExtension";
			productName = "JJ_Class_13_运行时_MJExtension";
			productReference = 69A094911D82548B0031CCF9 /* JJ_Class_13_运行时_MJExtension.app */;
			productType = "com.apple.product-type.application";
		};
/* End PBXNativeTarget section */

/* Begin PBXProject section */
		69A094891D82548B0031CCF9 /* Project object */ = {
			isa = PBXProject;
			attributes = {
				LastUpgradeCheck = 0730;
				ORGANIZATIONNAME = Jay;
				TargetAttributes = {
					69A094901D82548B0031CCF9 = {
						CreatedOnToolsVersion = 7.3;
					};
				};
			};
			buildConfigurationList = 69A0948C1D82548B0031CCF9 /* Build configuration list for PBXProject "JJ_Class_13_运行时_MJExtension" */;
			compatibilityVersion = "Xcode 3.2";
			developmentRegion = English;
			hasScannedForEncodings = 0;
			knownRegions = (
				en,
				Base,
			);
			mainGroup = 69A094881D82548B0031CCF9;
			productRefGroup = 69A094921D82548B0031CCF9 /* Products */;
			projectDirPath = "";
			projectRoot = "";
			targets = (
				69A094901D82548B0031CCF9 /* JJ_Class_13_运行时_MJExtension */,
			);
		};
/* End PBXProject section */

/* Begin PBXResourcesBuildPhase section */
		69A0948F1D82548B0031CCF9 /* Resources */ = {
			isa = PBXResourcesBuildPhase;
			buildActionMask = 2147483647;
			files = (
				69A094A41D82548B0031CCF9 /* LaunchScreen.storyboard in Resources */,
				69A094A11D82548B0031CCF9 /* Assets.xcassets in Resources */,
				69F7AFCD1D87AF2500B2421F /* LICENSE in Resources */,
				69A0949F1D82548B0031CCF9 /* Main.storyboard in Resources */,
				69F7AFE31D87AF2500B2421F /* LICENSE_jsonmodel.txt in Resources */,
			);
			runOnlyForDeploymentPostprocessing = 0;
		};
/* End PBXResourcesBuildPhase section */

/* Begin PBXSourcesBuildPhase section */
		69A0948D1D82548B0031CCF9 /* Sources */ = {
			isa = PBXSourcesBuildPhase;
			buildActionMask = 2147483647;
			files = (
				69F7AFDF1D87AF2500B2421F /* JSONHTTPClient.m in Sources */,
				69F7AFEB1D87CB5100B2421F /* JSONStudent.m in Sources */,
				69F7AFD31D87AF2500B2421F /* NSObject+MJClass.m in Sources */,
				69F7AFCE1D87AF2500B2421F /* MJExtensionConst.m in Sources */,
				69F7AFDD1D87AF2500B2421F /* NSArray+JSONModel.m in Sources */,
				69F7AFE11D87AF2500B2421F /* JSONKeyMapper.m in Sources */,
				69F7AFD21D87AF2500B2421F /* MJPropertyType.m in Sources */,
				69F7AFD11D87AF2500B2421F /* MJPropertyKey.m in Sources */,
				69F7AFD51D87AF2500B2421F /* NSObject+MJKeyValue.m in Sources */,
				69F7AFDA1D87AF2500B2421F /* JSONModelArray.m in Sources */,
				69F7AFD41D87AF2500B2421F /* NSObject+MJCoding.m in Sources */,
				69F7AFDE1D87AF2500B2421F /* JSONAPI.m in Sources */,
				69F7AFE21D87AF2500B2421F /* JSONValueTransformer.m in Sources */,
				69F7AFE41D87AF2500B2421F /* README.md in Sources */,
				69F7AFD71D87AF2500B2421F /* NSString+MJExtension.m in Sources */,
				69F7AFD01D87AF2500B2421F /* MJProperty.m in Sources */,
				69F7AFE81D87AF5900B2421F /* Student.m in Sources */,
				69F7AFDB1D87AF2500B2421F /* JSONModelClassProperty.m in Sources */,
				69F7AFD61D87AF2500B2421F /* NSObject+MJProperty.m in Sources */,
				69F7AFD91D87AF2500B2421F /* JSONModel.m in Sources */,
				69F7AFDC1D87AF2500B2421F /* JSONModelError.m in Sources */,
				69A0949C1D82548B0031CCF9 /* ViewController.m in Sources */,
				69F7AFE01D87AF2500B2421F /* JSONModel+networking.m in Sources */,
				69F7AFD81D87AF2500B2421F /* README.md in Sources */,
				69A094991D82548B0031CCF9 /* AppDelegate.m in Sources */,
				69F7AFCF1D87AF2500B2421F /* MJFoundation.m in Sources */,
				69A094961D82548B0031CCF9 /* main.m in Sources */,
			);
			runOnlyForDeploymentPostprocessing = 0;
		};
/* End PBXSourcesBuildPhase section */

/* Begin PBXVariantGroup section */
		69A0949D1D82548B0031CCF9 /* Main.storyboard */ = {
			isa = PBXVariantGroup;
			children = (
				69A0949E1D82548B0031CCF9 /* Base */,
			);
			name = Main.storyboard;
			sourceTree = "<group>";
		};
		69A094A21D82548B0031CCF9 /* LaunchScreen.storyboard */ = {
			isa = PBXVariantGroup;
			children = (
				69A094A31D82548B0031CCF9 /* Base */,
			);
			name = LaunchScreen.storyboard;
			sourceTree = "<group>";
		};
/* End PBXVariantGroup section */

/* Begin XCBuildConfiguration section */
		69A094A61D82548B0031CCF9 /* Debug */ = {
			isa = XCBuildConfiguration;
			buildSettings = {
				ALWAYS_SEARCH_USER_PATHS = NO;
				CLANG_ANALYZER_NONNULL = YES;
				CLANG_CXX_LANGUAGE_STANDARD = "gnu++0x";
				CLANG_CXX_LIBRARY = "libc++";
				CLANG_ENABLE_MODULES = YES;
				CLANG_ENABLE_OBJC_ARC = YES;
				CLANG_WARN_BOOL_CONVERSION = YES;
				CLANG_WARN_CONSTANT_CONVERSION = YES;
				CLANG_WARN_DIRECT_OBJC_ISA_USAGE = YES_ERROR;
				CLANG_WARN_EMPTY_BODY = YES;
				CLANG_WARN_ENUM_CONVERSION = YES;
				CLANG_WARN_INT_CONVERSION = YES;
				CLANG_WARN_OBJC_ROOT_CLASS = YES_ERROR;
				CLANG_WARN_UNREACHABLE_CODE = YES;
				CLANG_WARN__DUPLICATE_METHOD_MATCH = YES;
				"CODE_SIGN_IDENTITY[sdk=iphoneos*]" = "iPhone Developer";
				COPY_PHASE_STRIP = NO;
				DEBUG_INFORMATION_FORMAT = dwarf;
				ENABLE_STRICT_OBJC_MSGSEND = YES;
				ENABLE_TESTABILITY = YES;
				GCC_C_LANGUAGE_STANDARD = gnu99;
				GCC_DYNAMIC_NO_PIC = NO;
				GCC_NO_COMMON_BLOCKS = YES;
				GCC_OPTIMIZATION_LEVEL = 0;
				GCC_PREPROCESSOR_DEFINITIONS = (
					"DEBUG=1",
					"$(inherited)",
				);
				GCC_WARN_64_TO_32_BIT_CONVERSION = YES;
				GCC_WARN_ABOUT_RETURN_TYPE = YES_ERROR;
				GCC_WARN_UNDECLARED_SELECTOR = YES;
				GCC_WARN_UNINITIALIZED_AUTOS = YES_AGGRESSIVE;
				GCC_WARN_UNUSED_FUNCTION = YES;
				GCC_WARN_UNUSED_VARIABLE = YES;
				IPHONEOS_DEPLOYMENT_TARGET = 9.3;
				MTL_ENABLE_DEBUG_INFO = YES;
				ONLY_ACTIVE_ARCH = YES;
				SDKROOT = iphoneos;
			};
			name = Debug;
		};
		69A094A71D82548B0031CCF9 /* Release */ = {
			isa = XCBuildConfiguration;
			buildSettings = {
				ALWAYS_SEARCH_USER_PATHS = NO;
				CLANG_ANALYZER_NONNULL = YES;
				CLANG_CXX_LANGUAGE_STANDARD = "gnu++0x";
				CLANG_CXX_LIBRARY = "libc++";
				CLANG_ENABLE_MODULES = YES;
				CLANG_ENABLE_OBJC_ARC = YES;
				CLANG_WARN_BOOL_CONVERSION = YES;
				CLANG_WARN_CONSTANT_CONVERSION = YES;
				CLANG_WARN_DIRECT_OBJC_ISA_USAGE = YES_ERROR;
				CLANG_WARN_EMPTY_BODY = YES;
				CLANG_WARN_ENUM_CONVERSION = YES;
				CLANG_WARN_INT_CONVERSION = YES;
				CLANG_WARN_OBJC_ROOT_CLASS = YES_ERROR;
				CLANG_WARN_UNREACHABLE_CODE = YES;
				CLANG_WARN__DUPLICATE_METHOD_MATCH = YES;
				"CODE_SIGN_IDENTITY[sdk=iphoneos*]" = "iPhone Developer";
				COPY_PHASE_STRIP = NO;
				DEBUG_INFORMATION_FORMAT = "dwarf-with-dsym";
				ENABLE_NS_ASSERTIONS = NO;
				ENABLE_STRICT_OBJC_MSGSEND = YES;
				GCC_C_LANGUAGE_STANDARD = gnu99;
				GCC_NO_COMMON_BLOCKS = YES;
				GCC_WARN_64_TO_32_BIT_CONVERSION = YES;
				GCC_WARN_ABOUT_RETURN_TYPE = YES_ERROR;
				GCC_WARN_UNDECLARED_SELECTOR = YES;
				GCC_WARN_UNINITIALIZED_AUTOS = YES_AGGRESSIVE;
				GCC_WARN_UNUSED_FUNCTION = YES;
				GCC_WARN_UNUSED_VARIABLE = YES;
				IPHONEOS_DEPLOYMENT_TARGET = 9.3;
				MTL_ENABLE_DEBUG_INFO = NO;
				SDKROOT = iphoneos;
				VALIDATE_PRODUCT = YES;
			};
			name = Release;
		};
		69A094A91D82548B0031CCF9 /* Debug */ = {
			isa = XCBuildConfiguration;
			buildSettings = {
				ASSETCATALOG_COMPILER_APPICON_NAME = AppIcon;
				INFOPLIST_FILE = "JJ_Class_13_运行时_MJExtension/Info.plist";
				LD_RUNPATH_SEARCH_PATHS = "$(inherited) @executable_path/Frameworks";
				PRODUCT_BUNDLE_IDENTIFIER = "JJ.com.JJ-Class-13-----MJExtension";
				PRODUCT_NAME = "$(TARGET_NAME)";
			};
			name = Debug;
		};
		69A094AA1D82548B0031CCF9 /* Release */ = {
			isa = XCBuildConfiguration;
			buildSettings = {
				ASSETCATALOG_COMPILER_APPICON_NAME = AppIcon;
				INFOPLIST_FILE = "JJ_Class_13_运行时_MJExtension/Info.plist";
				LD_RUNPATH_SEARCH_PATHS = "$(inherited) @executable_path/Frameworks";
				PRODUCT_BUNDLE_IDENTIFIER = "JJ.com.JJ-Class-13-----MJExtension";
				PRODUCT_NAME = "$(TARGET_NAME)";
			};
			name = Release;
		};
/* End XCBuildConfiguration section */

/* Begin XCConfigurationList section */
		69A0948C1D82548B0031CCF9 /* Build configuration list for PBXProject "JJ_Class_13_运行时_MJExtension" */ = {
			isa = XCConfigurationList;
			buildConfigurations = (
				69A094A61D82548B0031CCF9 /* Debug */,
				69A094A71D82548B0031CCF9 /* Release */,
			);
			defaultConfigurationIsVisible = 0;
			defaultConfigurationName = Release;
		};
		69A094A81D82548B0031CCF9 /* Build configuration list for PBXNativeTarget "JJ_Class_13_运行时_MJExtension" */ = {
			isa = XCConfigurationList;
			buildConfigurations = (
				69A094A91D82548B0031CCF9 /* Debug */,
				69A094AA1D82548B0031CCF9 /* Release */,
			);
			defaultConfigurationIsVisible = 0;
			defaultConfigurationName = Release;
		};
/* End XCConfigurationList section */
	};
	rootObject = 69A094891D82548B0031CCF9 /* Project object */;
}
