// !$*UTF8*$!
{
	archiveVersion = 1;
	classes = {
	};
	objectVersion = 46;
	objects = {

/* Begin PBXBuildFile section */
		69479F851D993317004AEA22 /* UIFont+ExchangeImp.m in Sources */ = {isa = PBXBuildFile; fileRef = 69479F841D993317004AEA22 /* UIFont+ExchangeImp.m */; };
		69479F8B1D993C48004AEA22 /* UILabel+ExchangeImp.m in Sources */ = {isa = PBXBuildFile; fileRef = 69479F8A1D993C48004AEA22 /* UILabel+ExchangeImp.m */; };
		69A094211D82449F0031CCF9 /* main.m in Sources */ = {isa = PBXBuildFile; fileRef = 69A094201D82449F0031CCF9 /* main.m */; };
		69A094241D82449F0031CCF9 /* AppDelegate.m in Sources */ = {isa = PBXBuildFile; fileRef = 69A094231D82449F0031CCF9 /* AppDelegate.m */; };
		69A094271D82449F0031CCF9 /* ViewController.m in Sources */ = {isa = PBXBuildFile; fileRef = 69A094261D82449F0031CCF9 /* ViewController.m */; };
		69A0942A1D82449F0031CCF9 /* Main.storyboard in Resources */ = {isa = PBXBuildFile; fileRef = 69A094281D82449F0031CCF9 /* Main.storyboard */; };
		69A0942C1D82449F0031CCF9 /* Assets.xcassets in Resources */ = {isa = PBXBuildFile; fileRef = 69A0942B1D82449F0031CCF9 /* Assets.xcassets */; };
		69A0942F1D82449F0031CCF9 /* LaunchScreen.storyboard in Resources */ = {isa = PBXBuildFile; fileRef = 69A0942D1D82449F0031CCF9 /* LaunchScreen.storyboard */; };
		69A094381D824FC80031CCF9 /* runtime方法 in Resources */ = {isa = PBXBuildFile; fileRef = 69A094371D824FC80031CCF9 /* runtime方法 */; };
/* End PBXBuildFile section */

/* Begin PBXFileReference section */
		69479F831D993317004AEA22 /* UIFont+ExchangeImp.h */ = {isa = PBXFileReference; fileEncoding = 4; lastKnownFileType = sourcecode.c.h; path = "UIFont+ExchangeImp.h"; sourceTree = "<group>"; };
		69479F841D993317004AEA22 /* UIFont+ExchangeImp.m */ = {isa = PBXFileReference; fileEncoding = 4; lastKnownFileType = sourcecode.c.objc; path = "UIFont+ExchangeImp.m"; sourceTree = "<group>"; };
		69479F891D993C48004AEA22 /* UILabel+ExchangeImp.h */ = {isa = PBXFileReference; fileEncoding = 4; lastKnownFileType = sourcecode.c.h; path = "UILabel+ExchangeImp.h"; sourceTree = "<group>"; };
		69479F8A1D993C48004AEA22 /* UILabel+ExchangeImp.m */ = {isa = PBXFileReference; fileEncoding = 4; lastKnownFileType = sourcecode.c.objc; path = "UILabel+ExchangeImp.m"; sourceTree = "<group>"; };
		69A0941C1D82449F0031CCF9 /* JJ_Class_13_运行时_runtime方法.app */ = {isa = PBXFileReference; explicitFileType = wrapper.application; includeInIndex = 0; path = "JJ_Class_13_运行时_runtime方法.app"; sourceTree = BUILT_PRODUCTS_DIR; };
		69A094201D82449F0031CCF9 /* main.m */ = {isa = PBXFileReference; lastKnownFileType = sourcecode.c.objc; path = main.m; sourceTree = "<group>"; };
		69A094221D82449F0031CCF9 /* AppDelegate.h */ = {isa = PBXFileReference; lastKnownFileType = sourcecode.c.h; path = AppDelegate.h; sourceTree = "<group>"; };
		69A094231D82449F0031CCF9 /* AppDelegate.m */ = {isa = PBXFileReference; lastKnownFileType = sourcecode.c.objc; path = AppDelegate.m; sourceTree = "<group>"; };
		69A094251D82449F0031CCF9 /* ViewController.h */ = {isa = PBXFileReference; lastKnownFileType = sourcecode.c.h; path = ViewController.h; sourceTree = "<group>"; };
		69A094261D82449F0031CCF9 /* ViewController.m */ = {isa = PBXFileReference; lastKnownFileType = sourcecode.c.objc; path = ViewController.m; sourceTree = "<group>"; };
		69A094291D82449F0031CCF9 /* Base */ = {isa = PBXFileReference; lastKnownFileType = file.storyboard; name = Base; path = Base.lproj/Main.storyboard; sourceTree = "<group>"; };
		69A0942B1D82449F0031CCF9 /* Assets.xcassets */ = {isa = PBXFileReference; lastKnownFileType = folder.assetcatalog; path = Assets.xcassets; sourceTree = "<group>"; };
		69A0942E1D82449F0031CCF9 /* Base */ = {isa = PBXFileReference; lastKnownFileType = file.storyboard; name = Base; path = Base.lproj/LaunchScreen.storyboard; sourceTree = "<group>"; };
		69A094301D82449F0031CCF9 /* Info.plist */ = {isa = PBXFileReference; lastKnownFileType = text.plist.xml; path = Info.plist; sourceTree = "<group>"; };
		69A094371D824FC80031CCF9 /* runtime方法 */ = {isa = PBXFileReference; lastKnownFileType = folder; path = "runtime方法"; sourceTree = "<group>"; };
/* End PBXFileReference section */

/* Begin PBXFrameworksBuildPhase section */
		69A094191D82449F0031CCF9 /* Frameworks */ = {
			isa = PBXFrameworksBuildPhase;
			buildActionMask = 2147483647;
			files = (
			);
			runOnlyForDeploymentPostprocessing = 0;
		};
/* End PBXFrameworksBuildPhase section */

/* Begin PBXGroup section */
		69479F861D99331C004AEA22 /* Font */ = {
			isa = PBXGroup;
			children = (
				69479F831D993317004AEA22 /* UIFont+ExchangeImp.h */,
				69479F841D993317004AEA22 /* UIFont+ExchangeImp.m */,
			);
			name = Font;
			sourceTree = "<group>";
		};
		69479F881D993C2D004AEA22 /* Label */ = {
			isa = PBXGroup;
			children = (
				69479F891D993C48004AEA22 /* UILabel+ExchangeImp.h */,
				69479F8A1D993C48004AEA22 /* UILabel+ExchangeImp.m */,
			);
			name = Label;
			sourceTree = "<group>";
		};
		69A094131D82449F0031CCF9 = {
			isa = PBXGroup;
			children = (
				69A0941E1D82449F0031CCF9 /* JJ_Class_13_运行时_runtime方法 */,
				69A0941D1D82449F0031CCF9 /* Products */,
			);
			sourceTree = "<group>";
		};
		69A0941D1D82449F0031CCF9 /* Products */ = {
			isa = PBXGroup;
			children = (
				69A0941C1D82449F0031CCF9 /* JJ_Class_13_运行时_runtime方法.app */,
			);
			name = Products;
			sourceTree = "<group>";
		};
		69A0941E1D82449F0031CCF9 /* JJ_Class_13_运行时_runtime方法 */ = {
			isa = PBXGroup;
			children = (
				69479F881D993C2D004AEA22 /* Label */,
				69A094371D824FC80031CCF9 /* runtime方法 */,
				69479F861D99331C004AEA22 /* Font */,
				69A094221D82449F0031CCF9 /* AppDelegate.h */,
				69A094231D82449F0031CCF9 /* AppDelegate.m */,
				69A094251D82449F0031CCF9 /* ViewController.h */,
				69A094261D82449F0031CCF9 /* ViewController.m */,
				69A094281D82449F0031CCF9 /* Main.storyboard */,
				69A0942B1D82449F0031CCF9 /* Assets.xcassets */,
				69A0942D1D82449F0031CCF9 /* LaunchScreen.storyboard */,
				69A094301D82449F0031CCF9 /* Info.plist */,
				69A0941F1D82449F0031CCF9 /* Supporting Files */,
			);
			path = "JJ_Class_13_运行时_runtime方法";
			sourceTree = "<group>";
		};
		69A0941F1D82449F0031CCF9 /* Supporting Files */ = {
			isa = PBXGroup;
			children = (
				69A094201D82449F0031CCF9 /* main.m */,
			);
			name = "Supporting Files";
			sourceTree = "<group>";
		};
/* End PBXGroup section */

/* Begin PBXNativeTarget section */
		69A0941B1D82449F0031CCF9 /* JJ_Class_13_运行时_runtime方法 */ = {
			isa = PBXNativeTarget;
			buildConfigurationList = 69A094331D82449F0031CCF9 /* Build configuration list for PBXNativeTarget "JJ_Class_13_运行时_runtime方法" */;
			buildPhases = (
				69A094181D82449F0031CCF9 /* Sources */,
				69A094191D82449F0031CCF9 /* Frameworks */,
				69A0941A1D82449F0031CCF9 /* Resources */,
			);
			buildRules = (
			);
			dependencies = (
			);
			name = "JJ_Class_13_运行时_runtime方法";
			productName = "JJ_Class_13_运行时_runtime方法";
			productReference = 69A0941C1D82449F0031CCF9 /* JJ_Class_13_运行时_runtime方法.app */;
			productType = "com.apple.product-type.application";
		};
/* End PBXNativeTarget section */

/* Begin PBXProject section */
		69A094141D82449F0031CCF9 /* Project object */ = {
			isa = PBXProject;
			attributes = {
				LastUpgradeCheck = 0730;
				ORGANIZATIONNAME = Jay;
				TargetAttributes = {
					69A0941B1D82449F0031CCF9 = {
						CreatedOnToolsVersion = 7.3;
					};
				};
			};
			buildConfigurationList = 69A094171D82449F0031CCF9 /* Build configuration list for PBXProject "JJ_Class_13_运行时_runtime方法" */;
			compatibilityVersion = "Xcode 3.2";
			developmentRegion = English;
			hasScannedForEncodings = 0;
			knownRegions = (
				en,
				Base,
			);
			mainGroup = 69A094131D82449F0031CCF9;
			productRefGroup = 69A0941D1D82449F0031CCF9 /* Products */;
			projectDirPath = "";
			projectRoot = "";
			targets = (
				69A0941B1D82449F0031CCF9 /* JJ_Class_13_运行时_runtime方法 */,
			);
		};
/* End PBXProject section */

/* Begin PBXResourcesBuildPhase section */
		69A0941A1D82449F0031CCF9 /* Resources */ = {
			isa = PBXResourcesBuildPhase;
			buildActionMask = 2147483647;
			files = (
				69A0942F1D82449F0031CCF9 /* LaunchScreen.storyboard in Resources */,
				69A0942C1D82449F0031CCF9 /* Assets.xcassets in Resources */,
				69A0942A1D82449F0031CCF9 /* Main.storyboard in Resources */,
				69A094381D824FC80031CCF9 /* runtime方法 in Resources */,
			);
			runOnlyForDeploymentPostprocessing = 0;
		};
/* End PBXResourcesBuildPhase section */

/* Begin PBXSourcesBuildPhase section */
		69A094181D82449F0031CCF9 /* Sources */ = {
			isa = PBXSourcesBuildPhase;
			buildActionMask = 2147483647;
			files = (
				69479F8B1D993C48004AEA22 /* UILabel+ExchangeImp.m in Sources */,
				69479F851D993317004AEA22 /* UIFont+ExchangeImp.m in Sources */,
				69A094271D82449F0031CCF9 /* ViewController.m in Sources */,
				69A094241D82449F0031CCF9 /* AppDelegate.m in Sources */,
				69A094211D82449F0031CCF9 /* main.m in Sources */,
			);
			runOnlyForDeploymentPostprocessing = 0;
		};
/* End PBXSourcesBuildPhase section */

/* Begin PBXVariantGroup section */
		69A094281D82449F0031CCF9 /* Main.storyboard */ = {
			isa = PBXVariantGroup;
			children = (
				69A094291D82449F0031CCF9 /* Base */,
			);
			name = Main.storyboard;
			sourceTree = "<group>";
		};
		69A0942D1D82449F0031CCF9 /* LaunchScreen.storyboard */ = {
			isa = PBXVariantGroup;
			children = (
				69A0942E1D82449F0031CCF9 /* Base */,
			);
			name = LaunchScreen.storyboard;
			sourceTree = "<group>";
		};
/* End PBXVariantGroup section */

/* Begin XCBuildConfiguration section */
		69A094311D82449F0031CCF9 /* Debug */ = {
			isa = XCBuildConfiguration;
			buildSettings = {
				ALWAYS_SEARCH_USER_PATHS = NO;
				CLANG_ANALYZER_NONNULL = YES;
				CLANG_CXX_LANGUAGE_STANDARD = "gnu++0x";
				CLANG_CXX_LIBRARY = "libc++";
				CLANG_ENABLE_MODULES = YES;
				CLANG_ENABLE_OBJC_ARC = YES;
				CLANG_WARN_BOOL_CONVERSION = YES;
				CLANG_WARN_CONSTANT_CONVERSION = YES;
				CLANG_WARN_DIRECT_OBJC_ISA_USAGE = YES_ERROR;
				CLANG_WARN_EMPTY_BODY = YES;
				CLANG_WARN_ENUM_CONVERSION = YES;
				CLANG_WARN_INT_CONVERSION = YES;
				CLANG_WARN_OBJC_ROOT_CLASS = YES_ERROR;
				CLANG_WARN_UNREACHABLE_CODE = YES;
				CLANG_WARN__DUPLICATE_METHOD_MATCH = YES;
				"CODE_SIGN_IDENTITY[sdk=iphoneos*]" = "iPhone Developer";
				COPY_PHASE_STRIP = NO;
				DEBUG_INFORMATION_FORMAT = dwarf;
				ENABLE_STRICT_OBJC_MSGSEND = YES;
				ENABLE_TESTABILITY = YES;
				GCC_C_LANGUAGE_STANDARD = gnu99;
				GCC_DYNAMIC_NO_PIC = NO;
				GCC_NO_COMMON_BLOCKS = YES;
				GCC_OPTIMIZATION_LEVEL = 0;
				GCC_PREPROCESSOR_DEFINITIONS = (
					"DEBUG=1",
					"$(inherited)",
				);
				GCC_WARN_64_TO_32_BIT_CONVERSION = YES;
				GCC_WARN_ABOUT_RETURN_TYPE = YES_ERROR;
				GCC_WARN_UNDECLARED_SELECTOR = YES;
				GCC_WARN_UNINITIALIZED_AUTOS = YES_AGGRESSIVE;
				GCC_WARN_UNUSED_FUNCTION = YES;
				GCC_WARN_UNUSED_VARIABLE = YES;
				IPHONEOS_DEPLOYMENT_TARGET = 9.3;
				MTL_ENABLE_DEBUG_INFO = YES;
				ONLY_ACTIVE_ARCH = YES;
				SDKROOT = iphoneos;
			};
			name = Debug;
		};
		69A094321D82449F0031CCF9 /* Release */ = {
			isa = XCBuildConfiguration;
			buildSettings = {
				ALWAYS_SEARCH_USER_PATHS = NO;
				CLANG_ANALYZER_NONNULL = YES;
				CLANG_CXX_LANGUAGE_STANDARD = "gnu++0x";
				CLANG_CXX_LIBRARY = "libc++";
				CLANG_ENABLE_MODULES = YES;
				CLANG_ENABLE_OBJC_ARC = YES;
				CLANG_WARN_BOOL_CONVERSION = YES;
				CLANG_WARN_CONSTANT_CONVERSION = YES;
				CLANG_WARN_DIRECT_OBJC_ISA_USAGE = YES_ERROR;
				CLANG_WARN_EMPTY_BODY = YES;
				CLANG_WARN_ENUM_CONVERSION = YES;
				CLANG_WARN_INT_CONVERSION = YES;
				CLANG_WARN_OBJC_ROOT_CLASS = YES_ERROR;
				CLANG_WARN_UNREACHABLE_CODE = YES;
				CLANG_WARN__DUPLICATE_METHOD_MATCH = YES;
				"CODE_SIGN_IDENTITY[sdk=iphoneos*]" = "iPhone Developer";
				COPY_PHASE_STRIP = NO;
				DEBUG_INFORMATION_FORMAT = "dwarf-with-dsym";
				ENABLE_NS_ASSERTIONS = NO;
				ENABLE_STRICT_OBJC_MSGSEND = YES;
				GCC_C_LANGUAGE_STANDARD = gnu99;
				GCC_NO_COMMON_BLOCKS = YES;
				GCC_WARN_64_TO_32_BIT_CONVERSION = YES;
				GCC_WARN_ABOUT_RETURN_TYPE = YES_ERROR;
				GCC_WARN_UNDECLARED_SELECTOR = YES;
				GCC_WARN_UNINITIALIZED_AUTOS = YES_AGGRESSIVE;
				GCC_WARN_UNUSED_FUNCTION = YES;
				GCC_WARN_UNUSED_VARIABLE = YES;
				IPHONEOS_DEPLOYMENT_TARGET = 9.3;
				MTL_ENABLE_DEBUG_INFO = NO;
				SDKROOT = iphoneos;
				VALIDATE_PRODUCT = YES;
			};
			name = Release;
		};
		69A094341D82449F0031CCF9 /* Debug */ = {
			isa = XCBuildConfiguration;
			buildSettings = {
				ASSETCATALOG_COMPILER_APPICON_NAME = AppIcon;
				INFOPLIST_FILE = "JJ_Class_13_运行时_runtime方法/Info.plist";
				LD_RUNPATH_SEARCH_PATHS = "$(inherited) @executable_path/Frameworks";
				PRODUCT_BUNDLE_IDENTIFIER = "JJ.com.JJ-Class-13-----runtime--";
				PRODUCT_NAME = "$(TARGET_NAME)";
			};
			name = Debug;
		};
		69A094351D82449F0031CCF9 /* Release */ = {
			isa = XCBuildConfiguration;
			buildSettings = {
				ASSETCATALOG_COMPILER_APPICON_NAME = AppIcon;
				INFOPLIST_FILE = "JJ_Class_13_运行时_runtime方法/Info.plist";
				LD_RUNPATH_SEARCH_PATHS = "$(inherited) @executable_path/Frameworks";
				PRODUCT_BUNDLE_IDENTIFIER = "JJ.com.JJ-Class-13-----runtime--";
				PRODUCT_NAME = "$(TARGET_NAME)";
			};
			name = Release;
		};
/* End XCBuildConfiguration section */

/* Begin XCConfigurationList section */
		69A094171D82449F0031CCF9 /* Build configuration list for PBXProject "JJ_Class_13_运行时_runtime方法" */ = {
			isa = XCConfigurationList;
			buildConfigurations = (
				69A094311D82449F0031CCF9 /* Debug */,
				69A094321D82449F0031CCF9 /* Release */,
			);
			defaultConfigurationIsVisible = 0;
			defaultConfigurationName = Release;
		};
		69A094331D82449F0031CCF9 /* Build configuration list for PBXNativeTarget "JJ_Class_13_运行时_runtime方法" */ = {
			isa = XCConfigurationList;
			buildConfigurations = (
				69A094341D82449F0031CCF9 /* Debug */,
				69A094351D82449F0031CCF9 /* Release */,
			);
			defaultConfigurationIsVisible = 0;
			defaultConfigurationName = Release;
		};
/* End XCConfigurationList section */
	};
	rootObject = 69A094141D82449F0031CCF9 /* Project object */;
}
