// !$*UTF8*$!
{
	archiveVersion = 1;
	classes = {
	};
	objectVersion = 46;
	objects = {

/* Begin PBXBuildFile section */
		6956FF191C02A70000989212 /* main.m in Sources */ = {isa = PBXBuildFile; fileRef = 6956FF181C02A70000989212 /* main.m */; };
		6956FF1C1C02A70000989212 /* AppDelegate.m in Sources */ = {isa = PBXBuildFile; fileRef = 6956FF1B1C02A70000989212 /* AppDelegate.m */; };
		6956FF1F1C02A70000989212 /* ViewController.m in Sources */ = {isa = PBXBuildFile; fileRef = 6956FF1E1C02A70000989212 /* ViewController.m */; };
		6956FF221C02A70000989212 /* Main.storyboard in Resources */ = {isa = PBXBuildFile; fileRef = 6956FF201C02A70000989212 /* Main.storyboard */; };
		6956FF241C02A70000989212 /* Assets.xcassets in Resources */ = {isa = PBXBuildFile; fileRef = 6956FF231C02A70000989212 /* Assets.xcassets */; };
		6956FF271C02A70000989212 /* LaunchScreen.storyboard in Resources */ = {isa = PBXBuildFile; fileRef = 6956FF251C02A70000989212 /* LaunchScreen.storyboard */; };
		6956FF321C02A70000989212 /* __Alcatraz___Xcode__Tests.m in Sources */ = {isa = PBXBuildFile; fileRef = 6956FF311C02A70000989212 /* __Alcatraz___Xcode__Tests.m */; };
		6956FF3D1C02A70000989212 /* __Alcatraz___Xcode__UITests.m in Sources */ = {isa = PBXBuildFile; fileRef = 6956FF3C1C02A70000989212 /* __Alcatraz___Xcode__UITests.m */; };
/* End PBXBuildFile section */

/* Begin PBXContainerItemProxy section */
		6956FF2E1C02A70000989212 /* PBXContainerItemProxy */ = {
			isa = PBXContainerItemProxy;
			containerPortal = 6956FF0C1C02A70000989212 /* Project object */;
			proxyType = 1;
			remoteGlobalIDString = 6956FF131C02A70000989212;
			remoteInfo = "使用Alcatraz来管理Xcode插件";
		};
		6956FF391C02A70000989212 /* PBXContainerItemProxy */ = {
			isa = PBXContainerItemProxy;
			containerPortal = 6956FF0C1C02A70000989212 /* Project object */;
			proxyType = 1;
			remoteGlobalIDString = 6956FF131C02A70000989212;
			remoteInfo = "使用Alcatraz来管理Xcode插件";
		};
/* End PBXContainerItemProxy section */

/* Begin PBXFileReference section */
		6956FF141C02A70000989212 /* 使用Alcatraz来管理Xcode插件.app */ = {isa = PBXFileReference; explicitFileType = wrapper.application; includeInIndex = 0; path = "使用Alcatraz来管理Xcode插件.app"; sourceTree = BUILT_PRODUCTS_DIR; };
		6956FF181C02A70000989212 /* main.m */ = {isa = PBXFileReference; lastKnownFileType = sourcecode.c.objc; path = main.m; sourceTree = "<group>"; };
		6956FF1A1C02A70000989212 /* AppDelegate.h */ = {isa = PBXFileReference; lastKnownFileType = sourcecode.c.h; path = AppDelegate.h; sourceTree = "<group>"; };
		6956FF1B1C02A70000989212 /* AppDelegate.m */ = {isa = PBXFileReference; lastKnownFileType = sourcecode.c.objc; path = AppDelegate.m; sourceTree = "<group>"; };
		6956FF1D1C02A70000989212 /* ViewController.h */ = {isa = PBXFileReference; lastKnownFileType = sourcecode.c.h; path = ViewController.h; sourceTree = "<group>"; };
		6956FF1E1C02A70000989212 /* ViewController.m */ = {isa = PBXFileReference; lastKnownFileType = sourcecode.c.objc; path = ViewController.m; sourceTree = "<group>"; };
		6956FF211C02A70000989212 /* Base */ = {isa = PBXFileReference; lastKnownFileType = file.storyboard; name = Base; path = Base.lproj/Main.storyboard; sourceTree = "<group>"; };
		6956FF231C02A70000989212 /* Assets.xcassets */ = {isa = PBXFileReference; lastKnownFileType = folder.assetcatalog; path = Assets.xcassets; sourceTree = "<group>"; };
		6956FF261C02A70000989212 /* Base */ = {isa = PBXFileReference; lastKnownFileType = file.storyboard; name = Base; path = Base.lproj/LaunchScreen.storyboard; sourceTree = "<group>"; };
		6956FF281C02A70000989212 /* Info.plist */ = {isa = PBXFileReference; lastKnownFileType = text.plist.xml; path = Info.plist; sourceTree = "<group>"; };
		6956FF2D1C02A70000989212 /* 使用Alcatraz来管理Xcode插件Tests.xctest */ = {isa = PBXFileReference; explicitFileType = wrapper.cfbundle; includeInIndex = 0; path = "使用Alcatraz来管理Xcode插件Tests.xctest"; sourceTree = BUILT_PRODUCTS_DIR; };
		6956FF311C02A70000989212 /* __Alcatraz___Xcode__Tests.m */ = {isa = PBXFileReference; lastKnownFileType = sourcecode.c.objc; path = "__Alcatraz___Xcode__Tests.m"; sourceTree = "<group>"; };
		6956FF331C02A70000989212 /* Info.plist */ = {isa = PBXFileReference; lastKnownFileType = text.plist.xml; path = Info.plist; sourceTree = "<group>"; };
		6956FF381C02A70000989212 /* 使用Alcatraz来管理Xcode插件UITests.xctest */ = {isa = PBXFileReference; explicitFileType = wrapper.cfbundle; includeInIndex = 0; path = "使用Alcatraz来管理Xcode插件UITests.xctest"; sourceTree = BUILT_PRODUCTS_DIR; };
		6956FF3C1C02A70000989212 /* __Alcatraz___Xcode__UITests.m */ = {isa = PBXFileReference; lastKnownFileType = sourcecode.c.objc; path = "__Alcatraz___Xcode__UITests.m"; sourceTree = "<group>"; };
		6956FF3E1C02A70000989212 /* Info.plist */ = {isa = PBXFileReference; lastKnownFileType = text.plist.xml; path = Info.plist; sourceTree = "<group>"; };
/* End PBXFileReference section */

/* Begin PBXFrameworksBuildPhase section */
		6956FF111C02A70000989212 /* Frameworks */ = {
			isa = PBXFrameworksBuildPhase;
			buildActionMask = 2147483647;
			files = (
			);
			runOnlyForDeploymentPostprocessing = 0;
		};
		6956FF2A1C02A70000989212 /* Frameworks */ = {
			isa = PBXFrameworksBuildPhase;
			buildActionMask = 2147483647;
			files = (
			);
			runOnlyForDeploymentPostprocessing = 0;
		};
		6956FF351C02A70000989212 /* Frameworks */ = {
			isa = PBXFrameworksBuildPhase;
			buildActionMask = 2147483647;
			files = (
			);
			runOnlyForDeploymentPostprocessing = 0;
		};
/* End PBXFrameworksBuildPhase section */

/* Begin PBXGroup section */
		6956FF0B1C02A70000989212 = {
			isa = PBXGroup;
			children = (
				6956FF161C02A70000989212 /* 使用Alcatraz来管理Xcode插件 */,
				6956FF301C02A70000989212 /* 使用Alcatraz来管理Xcode插件Tests */,
				6956FF3B1C02A70000989212 /* 使用Alcatraz来管理Xcode插件UITests */,
				6956FF151C02A70000989212 /* Products */,
			);
			sourceTree = "<group>";
		};
		6956FF151C02A70000989212 /* Products */ = {
			isa = PBXGroup;
			children = (
				6956FF141C02A70000989212 /* 使用Alcatraz来管理Xcode插件.app */,
				6956FF2D1C02A70000989212 /* 使用Alcatraz来管理Xcode插件Tests.xctest */,
				6956FF381C02A70000989212 /* 使用Alcatraz来管理Xcode插件UITests.xctest */,
			);
			name = Products;
			sourceTree = "<group>";
		};
		6956FF161C02A70000989212 /* 使用Alcatraz来管理Xcode插件 */ = {
			isa = PBXGroup;
			children = (
				6956FF1A1C02A70000989212 /* AppDelegate.h */,
				6956FF1B1C02A70000989212 /* AppDelegate.m */,
				6956FF1D1C02A70000989212 /* ViewController.h */,
				6956FF1E1C02A70000989212 /* ViewController.m */,
				6956FF201C02A70000989212 /* Main.storyboard */,
				6956FF231C02A70000989212 /* Assets.xcassets */,
				6956FF251C02A70000989212 /* LaunchScreen.storyboard */,
				6956FF281C02A70000989212 /* Info.plist */,
				6956FF171C02A70000989212 /* Supporting Files */,
			);
			path = "使用Alcatraz来管理Xcode插件";
			sourceTree = "<group>";
		};
		6956FF171C02A70000989212 /* Supporting Files */ = {
			isa = PBXGroup;
			children = (
				6956FF181C02A70000989212 /* main.m */,
			);
			name = "Supporting Files";
			sourceTree = "<group>";
		};
		6956FF301C02A70000989212 /* 使用Alcatraz来管理Xcode插件Tests */ = {
			isa = PBXGroup;
			children = (
				6956FF311C02A70000989212 /* __Alcatraz___Xcode__Tests.m */,
				6956FF331C02A70000989212 /* Info.plist */,
			);
			path = "使用Alcatraz来管理Xcode插件Tests";
			sourceTree = "<group>";
		};
		6956FF3B1C02A70000989212 /* 使用Alcatraz来管理Xcode插件UITests */ = {
			isa = PBXGroup;
			children = (
				6956FF3C1C02A70000989212 /* __Alcatraz___Xcode__UITests.m */,
				6956FF3E1C02A70000989212 /* Info.plist */,
			);
			path = "使用Alcatraz来管理Xcode插件UITests";
			sourceTree = "<group>";
		};
/* End PBXGroup section */

/* Begin PBXNativeTarget section */
		6956FF131C02A70000989212 /* 使用Alcatraz来管理Xcode插件 */ = {
			isa = PBXNativeTarget;
			buildConfigurationList = 6956FF411C02A70000989212 /* Build configuration list for PBXNativeTarget "使用Alcatraz来管理Xcode插件" */;
			buildPhases = (
				6956FF101C02A70000989212 /* Sources */,
				6956FF111C02A70000989212 /* Frameworks */,
				6956FF121C02A70000989212 /* Resources */,
			);
			buildRules = (
			);
			dependencies = (
			);
			name = "使用Alcatraz来管理Xcode插件";
			productName = "使用Alcatraz来管理Xcode插件";
			productReference = 6956FF141C02A70000989212 /* 使用Alcatraz来管理Xcode插件.app */;
			productType = "com.apple.product-type.application";
		};
		6956FF2C1C02A70000989212 /* 使用Alcatraz来管理Xcode插件Tests */ = {
			isa = PBXNativeTarget;
			buildConfigurationList = 6956FF441C02A70000989212 /* Build configuration list for PBXNativeTarget "使用Alcatraz来管理Xcode插件Tests" */;
			buildPhases = (
				6956FF291C02A70000989212 /* Sources */,
				6956FF2A1C02A70000989212 /* Frameworks */,
				6956FF2B1C02A70000989212 /* Resources */,
			);
			buildRules = (
			);
			dependencies = (
				6956FF2F1C02A70000989212 /* PBXTargetDependency */,
			);
			name = "使用Alcatraz来管理Xcode插件Tests";
			productName = "使用Alcatraz来管理Xcode插件Tests";
			productReference = 6956FF2D1C02A70000989212 /* 使用Alcatraz来管理Xcode插件Tests.xctest */;
			productType = "com.apple.product-type.bundle.unit-test";
		};
		6956FF371C02A70000989212 /* 使用Alcatraz来管理Xcode插件UITests */ = {
			isa = PBXNativeTarget;
			buildConfigurationList = 6956FF471C02A70000989212 /* Build configuration list for PBXNativeTarget "使用Alcatraz来管理Xcode插件UITests" */;
			buildPhases = (
				6956FF341C02A70000989212 /* Sources */,
				6956FF351C02A70000989212 /* Frameworks */,
				6956FF361C02A70000989212 /* Resources */,
			);
			buildRules = (
			);
			dependencies = (
				6956FF3A1C02A70000989212 /* PBXTargetDependency */,
			);
			name = "使用Alcatraz来管理Xcode插件UITests";
			productName = "使用Alcatraz来管理Xcode插件UITests";
			productReference = 6956FF381C02A70000989212 /* 使用Alcatraz来管理Xcode插件UITests.xctest */;
			productType = "com.apple.product-type.bundle.ui-testing";
		};
/* End PBXNativeTarget section */

/* Begin PBXProject section */
		6956FF0C1C02A70000989212 /* Project object */ = {
			isa = PBXProject;
			attributes = {
				LastUpgradeCheck = 0710;
				ORGANIZATIONNAME = JJ;
				TargetAttributes = {
					6956FF131C02A70000989212 = {
						CreatedOnToolsVersion = 7.1;
					};
					6956FF2C1C02A70000989212 = {
						CreatedOnToolsVersion = 7.1;
						TestTargetID = 6956FF131C02A70000989212;
					};
					6956FF371C02A70000989212 = {
						CreatedOnToolsVersion = 7.1;
						TestTargetID = 6956FF131C02A70000989212;
					};
				};
			};
			buildConfigurationList = 6956FF0F1C02A70000989212 /* Build configuration list for PBXProject "使用Alcatraz来管理Xcode插件" */;
			compatibilityVersion = "Xcode 3.2";
			developmentRegion = English;
			hasScannedForEncodings = 0;
			knownRegions = (
				en,
				Base,
			);
			mainGroup = 6956FF0B1C02A70000989212;
			productRefGroup = 6956FF151C02A70000989212 /* Products */;
			projectDirPath = "";
			projectRoot = "";
			targets = (
				6956FF131C02A70000989212 /* 使用Alcatraz来管理Xcode插件 */,
				6956FF2C1C02A70000989212 /* 使用Alcatraz来管理Xcode插件Tests */,
				6956FF371C02A70000989212 /* 使用Alcatraz来管理Xcode插件UITests */,
			);
		};
/* End PBXProject section */

/* Begin PBXResourcesBuildPhase section */
		6956FF121C02A70000989212 /* Resources */ = {
			isa = PBXResourcesBuildPhase;
			buildActionMask = 2147483647;
			files = (
				6956FF271C02A70000989212 /* LaunchScreen.storyboard in Resources */,
				6956FF241C02A70000989212 /* Assets.xcassets in Resources */,
				6956FF221C02A70000989212 /* Main.storyboard in Resources */,
			);
			runOnlyForDeploymentPostprocessing = 0;
		};
		6956FF2B1C02A70000989212 /* Resources */ = {
			isa = PBXResourcesBuildPhase;
			buildActionMask = 2147483647;
			files = (
			);
			runOnlyForDeploymentPostprocessing = 0;
		};
		6956FF361C02A70000989212 /* Resources */ = {
			isa = PBXResourcesBuildPhase;
			buildActionMask = 2147483647;
			files = (
			);
			runOnlyForDeploymentPostprocessing = 0;
		};
/* End PBXResourcesBuildPhase section */

/* Begin PBXSourcesBuildPhase section */
		6956FF101C02A70000989212 /* Sources */ = {
			isa = PBXSourcesBuildPhase;
			buildActionMask = 2147483647;
			files = (
				6956FF1F1C02A70000989212 /* ViewController.m in Sources */,
				6956FF1C1C02A70000989212 /* AppDelegate.m in Sources */,
				6956FF191C02A70000989212 /* main.m in Sources */,
			);
			runOnlyForDeploymentPostprocessing = 0;
		};
		6956FF291C02A70000989212 /* Sources */ = {
			isa = PBXSourcesBuildPhase;
			buildActionMask = 2147483647;
			files = (
				6956FF321C02A70000989212 /* __Alcatraz___Xcode__Tests.m in Sources */,
			);
			runOnlyForDeploymentPostprocessing = 0;
		};
		6956FF341C02A70000989212 /* Sources */ = {
			isa = PBXSourcesBuildPhase;
			buildActionMask = 2147483647;
			files = (
				6956FF3D1C02A70000989212 /* __Alcatraz___Xcode__UITests.m in Sources */,
			);
			runOnlyForDeploymentPostprocessing = 0;
		};
/* End PBXSourcesBuildPhase section */

/* Begin PBXTargetDependency section */
		6956FF2F1C02A70000989212 /* PBXTargetDependency */ = {
			isa = PBXTargetDependency;
			target = 6956FF131C02A70000989212 /* 使用Alcatraz来管理Xcode插件 */;
			targetProxy = 6956FF2E1C02A70000989212 /* PBXContainerItemProxy */;
		};
		6956FF3A1C02A70000989212 /* PBXTargetDependency */ = {
			isa = PBXTargetDependency;
			target = 6956FF131C02A70000989212 /* 使用Alcatraz来管理Xcode插件 */;
			targetProxy = 6956FF391C02A70000989212 /* PBXContainerItemProxy */;
		};
/* End PBXTargetDependency section */

/* Begin PBXVariantGroup section */
		6956FF201C02A70000989212 /* Main.storyboard */ = {
			isa = PBXVariantGroup;
			children = (
				6956FF211C02A70000989212 /* Base */,
			);
			name = Main.storyboard;
			sourceTree = "<group>";
		};
		6956FF251C02A70000989212 /* LaunchScreen.storyboard */ = {
			isa = PBXVariantGroup;
			children = (
				6956FF261C02A70000989212 /* Base */,
			);
			name = LaunchScreen.storyboard;
			sourceTree = "<group>";
		};
/* End PBXVariantGroup section */

/* Begin XCBuildConfiguration section */
		6956FF3F1C02A70000989212 /* Debug */ = {
			isa = XCBuildConfiguration;
			buildSettings = {
				ALWAYS_SEARCH_USER_PATHS = NO;
				CLANG_CXX_LANGUAGE_STANDARD = "gnu++0x";
				CLANG_CXX_LIBRARY = "libc++";
				CLANG_ENABLE_MODULES = YES;
				CLANG_ENABLE_OBJC_ARC = YES;
				CLANG_WARN_BOOL_CONVERSION = YES;
				CLANG_WARN_CONSTANT_CONVERSION = YES;
				CLANG_WARN_DIRECT_OBJC_ISA_USAGE = YES_ERROR;
				CLANG_WARN_EMPTY_BODY = YES;
				CLANG_WARN_ENUM_CONVERSION = YES;
				CLANG_WARN_INT_CONVERSION = YES;
				CLANG_WARN_OBJC_ROOT_CLASS = YES_ERROR;
				CLANG_WARN_UNREACHABLE_CODE = YES;
				CLANG_WARN__DUPLICATE_METHOD_MATCH = YES;
				"CODE_SIGN_IDENTITY[sdk=iphoneos*]" = "iPhone Developer";
				COPY_PHASE_STRIP = NO;
				DEBUG_INFORMATION_FORMAT = dwarf;
				ENABLE_STRICT_OBJC_MSGSEND = YES;
				ENABLE_TESTABILITY = YES;
				GCC_C_LANGUAGE_STANDARD = gnu99;
				GCC_DYNAMIC_NO_PIC = NO;
				GCC_NO_COMMON_BLOCKS = YES;
				GCC_OPTIMIZATION_LEVEL = 0;
				GCC_PREPROCESSOR_DEFINITIONS = (
					"DEBUG=1",
					"$(inherited)",
				);
				GCC_WARN_64_TO_32_BIT_CONVERSION = YES;
				GCC_WARN_ABOUT_RETURN_TYPE = YES_ERROR;
				GCC_WARN_UNDECLARED_SELECTOR = YES;
				GCC_WARN_UNINITIALIZED_AUTOS = YES_AGGRESSIVE;
				GCC_WARN_UNUSED_FUNCTION = YES;
				GCC_WARN_UNUSED_VARIABLE = YES;
				IPHONEOS_DEPLOYMENT_TARGET = 9.1;
				MTL_ENABLE_DEBUG_INFO = YES;
				ONLY_ACTIVE_ARCH = YES;
				SDKROOT = iphoneos;
			};
			name = Debug;
		};
		6956FF401C02A70000989212 /* Release */ = {
			isa = XCBuildConfiguration;
			buildSettings = {
				ALWAYS_SEARCH_USER_PATHS = NO;
				CLANG_CXX_LANGUAGE_STANDARD = "gnu++0x";
				CLANG_CXX_LIBRARY = "libc++";
				CLANG_ENABLE_MODULES = YES;
				CLANG_ENABLE_OBJC_ARC = YES;
				CLANG_WARN_BOOL_CONVERSION = YES;
				CLANG_WARN_CONSTANT_CONVERSION = YES;
				CLANG_WARN_DIRECT_OBJC_ISA_USAGE = YES_ERROR;
				CLANG_WARN_EMPTY_BODY = YES;
				CLANG_WARN_ENUM_CONVERSION = YES;
				CLANG_WARN_INT_CONVERSION = YES;
				CLANG_WARN_OBJC_ROOT_CLASS = YES_ERROR;
				CLANG_WARN_UNREACHABLE_CODE = YES;
				CLANG_WARN__DUPLICATE_METHOD_MATCH = YES;
				"CODE_SIGN_IDENTITY[sdk=iphoneos*]" = "iPhone Developer";
				COPY_PHASE_STRIP = NO;
				DEBUG_INFORMATION_FORMAT = "dwarf-with-dsym";
				ENABLE_NS_ASSERTIONS = NO;
				ENABLE_STRICT_OBJC_MSGSEND = YES;
				GCC_C_LANGUAGE_STANDARD = gnu99;
				GCC_NO_COMMON_BLOCKS = YES;
				GCC_WARN_64_TO_32_BIT_CONVERSION = YES;
				GCC_WARN_ABOUT_RETURN_TYPE = YES_ERROR;
				GCC_WARN_UNDECLARED_SELECTOR = YES;
				GCC_WARN_UNINITIALIZED_AUTOS = YES_AGGRESSIVE;
				GCC_WARN_UNUSED_FUNCTION = YES;
				GCC_WARN_UNUSED_VARIABLE = YES;
				IPHONEOS_DEPLOYMENT_TARGET = 9.1;
				MTL_ENABLE_DEBUG_INFO = NO;
				SDKROOT = iphoneos;
				VALIDATE_PRODUCT = YES;
			};
			name = Release;
		};
		6956FF421C02A70000989212 /* Debug */ = {
			isa = XCBuildConfiguration;
			buildSettings = {
				ASSETCATALOG_COMPILER_APPICON_NAME = AppIcon;
				INFOPLIST_FILE = "使用Alcatraz来管理Xcode插件/Info.plist";
				LD_RUNPATH_SEARCH_PATHS = "$(inherited) @executable_path/Frameworks";
				PRODUCT_BUNDLE_IDENTIFIER = "com.JJ.--Alcatraz---Xcode--";
				PRODUCT_NAME = "$(TARGET_NAME)";
			};
			name = Debug;
		};
		6956FF431C02A70000989212 /* Release */ = {
			isa = XCBuildConfiguration;
			buildSettings = {
				ASSETCATALOG_COMPILER_APPICON_NAME = AppIcon;
				INFOPLIST_FILE = "使用Alcatraz来管理Xcode插件/Info.plist";
				LD_RUNPATH_SEARCH_PATHS = "$(inherited) @executable_path/Frameworks";
				PRODUCT_BUNDLE_IDENTIFIER = "com.JJ.--Alcatraz---Xcode--";
				PRODUCT_NAME = "$(TARGET_NAME)";
			};
			name = Release;
		};
		6956FF451C02A70000989212 /* Debug */ = {
			isa = XCBuildConfiguration;
			buildSettings = {
				BUNDLE_LOADER = "$(TEST_HOST)";
				INFOPLIST_FILE = "使用Alcatraz来管理Xcode插件Tests/Info.plist";
				LD_RUNPATH_SEARCH_PATHS = "$(inherited) @executable_path/Frameworks @loader_path/Frameworks";
				PRODUCT_BUNDLE_IDENTIFIER = "com.JJ.--Alcatraz---Xcode--Tests";
				PRODUCT_NAME = "$(TARGET_NAME)";
				TEST_HOST = "$(BUILT_PRODUCTS_DIR)/使用Alcatraz来管理Xcode插件.app/使用Alcatraz来管理Xcode插件";
			};
			name = Debug;
		};
		6956FF461C02A70000989212 /* Release */ = {
			isa = XCBuildConfiguration;
			buildSettings = {
				BUNDLE_LOADER = "$(TEST_HOST)";
				INFOPLIST_FILE = "使用Alcatraz来管理Xcode插件Tests/Info.plist";
				LD_RUNPATH_SEARCH_PATHS = "$(inherited) @executable_path/Frameworks @loader_path/Frameworks";
				PRODUCT_BUNDLE_IDENTIFIER = "com.JJ.--Alcatraz---Xcode--Tests";
				PRODUCT_NAME = "$(TARGET_NAME)";
				TEST_HOST = "$(BUILT_PRODUCTS_DIR)/使用Alcatraz来管理Xcode插件.app/使用Alcatraz来管理Xcode插件";
			};
			name = Release;
		};
		6956FF481C02A70000989212 /* Debug */ = {
			isa = XCBuildConfiguration;
			buildSettings = {
				INFOPLIST_FILE = "使用Alcatraz来管理Xcode插件UITests/Info.plist";
				LD_RUNPATH_SEARCH_PATHS = "$(inherited) @executable_path/Frameworks @loader_path/Frameworks";
				PRODUCT_BUNDLE_IDENTIFIER = "com.JJ.--Alcatraz---Xcode--UITests";
				PRODUCT_NAME = "$(TARGET_NAME)";
				TEST_TARGET_NAME = "使用Alcatraz来管理Xcode插件";
				USES_XCTRUNNER = YES;
			};
			name = Debug;
		};
		6956FF491C02A70000989212 /* Release */ = {
			isa = XCBuildConfiguration;
			buildSettings = {
				INFOPLIST_FILE = "使用Alcatraz来管理Xcode插件UITests/Info.plist";
				LD_RUNPATH_SEARCH_PATHS = "$(inherited) @executable_path/Frameworks @loader_path/Frameworks";
				PRODUCT_BUNDLE_IDENTIFIER = "com.JJ.--Alcatraz---Xcode--UITests";
				PRODUCT_NAME = "$(TARGET_NAME)";
				TEST_TARGET_NAME = "使用Alcatraz来管理Xcode插件";
				USES_XCTRUNNER = YES;
			};
			name = Release;
		};
/* End XCBuildConfiguration section */

/* Begin XCConfigurationList section */
		6956FF0F1C02A70000989212 /* Build configuration list for PBXProject "使用Alcatraz来管理Xcode插件" */ = {
			isa = XCConfigurationList;
			buildConfigurations = (
				6956FF3F1C02A70000989212 /* Debug */,
				6956FF401C02A70000989212 /* Release */,
			);
			defaultConfigurationIsVisible = 0;
			defaultConfigurationName = Release;
		};
		6956FF411C02A70000989212 /* Build configuration list for PBXNativeTarget "使用Alcatraz来管理Xcode插件" */ = {
			isa = XCConfigurationList;
			buildConfigurations = (
				6956FF421C02A70000989212 /* Debug */,
				6956FF431C02A70000989212 /* Release */,
			);
			defaultConfigurationIsVisible = 0;
		};
		6956FF441C02A70000989212 /* Build configuration list for PBXNativeTarget "使用Alcatraz来管理Xcode插件Tests" */ = {
			isa = XCConfigurationList;
			buildConfigurations = (
				6956FF451C02A70000989212 /* Debug */,
				6956FF461C02A70000989212 /* Release */,
			);
			defaultConfigurationIsVisible = 0;
		};
		6956FF471C02A70000989212 /* Build configuration list for PBXNativeTarget "使用Alcatraz来管理Xcode插件UITests" */ = {
			isa = XCConfigurationList;
			buildConfigurations = (
				6956FF481C02A70000989212 /* Debug */,
				6956FF491C02A70000989212 /* Release */,
			);
			defaultConfigurationIsVisible = 0;
		};
/* End XCConfigurationList section */
	};
	rootObject = 6956FF0C1C02A70000989212 /* Project object */;
}
